// !$*UTF8*$!
{
	archiveVersion = 1;
	classes = {
	};
	objectVersion = 46;
	objects = {

/* Begin PBXBuildFile section */
		BCF736C81F41108900C687E1 /* AppDelegate.swift in Sources */ = {isa = PBXBuildFile; fileRef = BCF736C71F41108900C687E1 /* AppDelegate.swift */; };
		BCF736CA1F41108900C687E1 /* ViewController.swift in Sources */ = {isa = PBXBuildFile; fileRef = BCF736C91F41108900C687E1 /* ViewController.swift */; };
		BCF736CD1F41108900C687E1 /* Main.storyboard in Resources */ = {isa = PBXBuildFile; fileRef = BCF736CB1F41108900C687E1 /* Main.storyboard */; };
		BCF736CF1F41108900C687E1 /* Assets.xcassets in Resources */ = {isa = PBXBuildFile; fileRef = BCF736CE1F41108900C687E1 /* Assets.xcassets */; };
		BCF736D21F41108900C687E1 /* LaunchScreen.storyboard in Resources */ = {isa = PBXBuildFile; fileRef = BCF736D01F41108900C687E1 /* LaunchScreen.storyboard */; };
/* End PBXBuildFile section */

/* Begin PBXFileReference section */
		BCF736C41F41108900C687E1 /* Emoji Dictionary.app */ = {isa = PBXFileReference; explicitFileType = wrapper.application; includeInIndex = 0; path = "Emoji Dictionary.app"; sourceTree = BUILT_PRODUCTS_DIR; };
		BCF736C71F41108900C687E1 /* AppDelegate.swift */ = {isa = PBXFileReference; lastKnownFileType = sourcecode.swift; path = AppDelegate.swift; sourceTree = "<group>"; };
		BCF736C91F41108900C687E1 /* ViewController.swift */ = {isa = PBXFileReference; lastKnownFileType = sourcecode.swift; path = ViewController.swift; sourceTree = "<group>"; };
		BCF736CC1F41108900C687E1 /* Base */ = {isa = PBXFileReference; lastKnownFileType = file.storyboard; name = Base; path = Base.lproj/Main.storyboard; sourceTree = "<group>"; };
		BCF736CE1F41108900C687E1 /* Assets.xcassets */ = {isa = PBXFileReference; lastKnownFileType = folder.assetcatalog; path = Assets.xcassets; sourceTree = "<group>"; };
		BCF736D11F41108900C687E1 /* Base */ = {isa = PBXFileReference; lastKnownFileType = file.storyboard; name = Base; path = Base.lproj/LaunchScreen.storyboard; sourceTree = "<group>"; };
		BCF736D31F41108900C687E1 /* Info.plist */ = {isa = PBXFileReference; lastKnownFileType = text.plist.xml; path = Info.plist; sourceTree = "<group>"; };
/* End PBXFileReference section */

/* Begin PBXFrameworksBuildPhase section */
		BCF736C11F41108800C687E1 /* Frameworks */ = {
			isa = PBXFrameworksBuildPhase;
			buildActionMask = 2147483647;
			files = (
			);
			runOnlyForDeploymentPostprocessing = 0;
		};
/* End PBXFrameworksBuildPhase section */

/* Begin PBXGroup section */
		BCF736BB1F41108800C687E1 = {
			isa = PBXGroup;
			children = (
				BCF736C61F41108900C687E1 /* Emoji Dictionary */,
				BCF736C51F41108900C687E1 /* Products */,
			);
			sourceTree = "<group>";
		};
		BCF736C51F41108900C687E1 /* Products */ = {
			isa = PBXGroup;
			children = (
				BCF736C41F41108900C687E1 /* Emoji Dictionary.app */,
			);
			name = Products;
			sourceTree = "<group>";
		};
		BCF736C61F41108900C687E1 /* Emoji Dictionary */ = {
			isa = PBXGroup;
			children = (
				BCF736C71F41108900C687E1 /* AppDelegate.swift */,
				BCF736C91F41108900C687E1 /* ViewController.swift */,
				BCF736CB1F41108900C687E1 /* Main.storyboard */,
				BCF736CE1F41108900C687E1 /* Assets.xcassets */,
				BCF736D01F41108900C687E1 /* LaunchScreen.storyboard */,
				BCF736D31F41108900C687E1 /* Info.plist */,
			);
			path = "Emoji Dictionary";
			sourceTree = "<group>";
		};
/* End PBXGroup section */

/* Begin PBXNativeTarget section */
		BCF736C31F41108800C687E1 /* Emoji Dictionary */ = {
			isa = PBXNativeTarget;
			buildConfigurationList = BCF736D61F41108900C687E1 /* Build configuration list for PBXNativeTarget "Emoji Dictionary" */;
			buildPhases = (
				BCF736C01F41108800C687E1 /* Sources */,
				BCF736C11F41108800C687E1 /* Frameworks */,
				BCF736C21F41108800C687E1 /* Resources */,
			);
			buildRules = (
			);
			dependencies = (
			);
			name = "Emoji Dictionary";
			productName = "Emoji Dictionary";
			productReference = BCF736C41F41108900C687E1 /* Emoji Dictionary.app */;
			productType = "com.apple.product-type.application";
		};
/* End PBXNativeTarget section */

/* Begin PBXProject section */
		BCF736BC1F41108800C687E1 /* Project object */ = {
			isa = PBXProject;
			attributes = {
				LastSwiftUpdateCheck = 0830;
				LastUpgradeCheck = 0830;
				ORGANIZATIONNAME = "Mivko Tech";
				TargetAttributes = {
					BCF736C31F41108800C687E1 = {
						CreatedOnToolsVersion = 8.3.3;
						DevelopmentTeam = 3K37U96487;
						ProvisioningStyle = Automatic;
					};
				};
			};
			buildConfigurationList = BCF736BF1F41108800C687E1 /* Build configuration list for PBXProject "Emoji Dictionary" */;
			compatibilityVersion = "Xcode 3.2";
			developmentRegion = English;
			hasScannedForEncodings = 0;
			knownRegions = (
				en,
				Base,
			);
			mainGroup = BCF736BB1F41108800C687E1;
			productRefGroup = BCF736C51F41108900C687E1 /* Products */;
			projectDirPath = "";
			projectRoot = "";
			targets = (
				BCF736C31F41108800C687E1 /* Emoji Dictionary */,
			);
		};
/* End PBXProject section */

/* Begin PBXResourcesBuildPhase section */
		BCF736C21F41108800C687E1 /* Resources */ = {
			isa = PBXResourcesBuildPhase;
			buildActionMask = 2147483647;
			files = (
				BCF736D21F41108900C687E1 /* LaunchScreen.storyboard in Resources */,
				BCF736CF1F41108900C687E1 /* Assets.xcassets in Resources */,
				BCF736CD1F41108900C687E1 /* Main.storyboard in Resources */,
			);
			runOnlyForDeploymentPostprocessing = 0;
		};
/* End PBXResourcesBuildPhase section */

/* Begin PBXSourcesBuildPhase section */
		BCF736C01F41108800C687E1 /* Sources */ = {
			isa = PBXSourcesBuildPhase;
			buildActionMask = 2147483647;
			files = (
				BCF736CA1F41108900C687E1 /* ViewController.swift in Sources */,
				BCF736C81F41108900C687E1 /* AppDelegate.swift in Sources */,
			);
			runOnlyForDeploymentPostprocessing = 0;
		};
/* End PBXSourcesBuildPhase section */

/* Begin PBXVariantGroup section */
		BCF736CB1F41108900C687E1 /* Main.storyboard */ = {
			isa = PBXVariantGroup;
			children = (
				BCF736CC1F41108900C687E1 /* Base */,
			);
			name = Main.storyboard;
			sourceTree = "<group>";
		};
		BCF736D01F41108900C687E1 /* LaunchScreen.storyboard */ = {
			isa = PBXVariantGroup;
			children = (
				BCF736D11F41108900C687E1 /* Base */,
			);
			name = LaunchScreen.storyboard;
			sourceTree = "<group>";
		};
/* End PBXVariantGroup section */

/* Begin XCBuildConfiguration section */
		BCF736D41F41108900C687E1 /* Debug */ = {
			isa = XCBuildConfiguration;
			buildSettings = {
				ALWAYS_SEARCH_USER_PATHS = NO;
				CLANG_ANALYZER_NONNULL = YES;
				CLANG_ANALYZER_NUMBER_OBJECT_CONVERSION = YES_AGGRESSIVE;
				CLANG_CXX_LANGUAGE_STANDARD = "gnu++0x";
				CLANG_CXX_LIBRARY = "libc++";
				CLANG_ENABLE_MODULES = YES;
				CLANG_ENABLE_OBJC_ARC = YES;
				CLANG_WARN_BOOL_CONVERSION = YES;
				CLANG_WARN_CONSTANT_CONVERSION = YES;
				CLANG_WARN_DIRECT_OBJC_ISA_USAGE = YES_ERROR;
				CLANG_WARN_DOCUMENTATION_COMMENTS = YES;
				CLANG_WARN_EMPTY_BODY = YES;
				CLANG_WARN_ENUM_CONVERSION = YES;
				CLANG_WARN_INFINITE_RECURSION = YES;
				CLANG_WARN_INT_CONVERSION = YES;
				CLANG_WARN_OBJC_ROOT_CLASS = YES_ERROR;
				CLANG_WARN_SUSPICIOUS_MOVE = YES;
				CLANG_WARN_UNREACHABLE_CODE = YES;
				CLANG_WARN__DUPLICATE_METHOD_MATCH = YES;
				"CODE_SIGN_IDENTITY[sdk=iphoneos*]" = "iPhone Developer";
				COPY_PHASE_STRIP = NO;
				DEBUG_INFORMATION_FORMAT = dwarf;
				ENABLE_STRICT_OBJC_MSGSEND = YES;
				ENABLE_TESTABILITY = YES;
				GCC_C_LANGUAGE_STANDARD = gnu99;
				GCC_DYNAMIC_NO_PIC = NO;
				GCC_NO_COMMON_BLOCKS = YES;
				GCC_OPTIMIZATION_LEVEL = 0;
				GCC_PREPROCESSOR_DEFINITIONS = (
					"DEBUG=1",
					"$(inherited)",
				);
				GCC_WARN_64_TO_32_BIT_CONVERSION = YES;
				GCC_WARN_ABOUT_RETURN_TYPE = YES_ERROR;
				GCC_WARN_UNDECLARED_SELECTOR = YES;
				GCC_WARN_UNINITIALIZED_AUTOS = YES_AGGRESSIVE;
				GCC_WARN_UNUSED_FUNCTION = YES;
				GCC_WARN_UNUSED_VARIABLE = YES;
				IPHONEOS_DEPLOYMENT_TARGET = 10.3;
				MTL_ENABLE_DEBUG_INFO = YES;
				ONLY_ACTIVE_ARCH = YES;
				SDKROOT = iphoneos;
				SWIFT_ACTIVE_COMPILATION_CONDITIONS = DEBUG;
				SWIFT_OPTIMIZATION_LEVEL = "-Onone";
				TARGETED_DEVICE_FAMILY = "1,2";
			};
			name = Debug;
		};
		BCF736D51F41108900C687E1 /* Release */ = {
			isa = XCBuildConfiguration;
			buildSettings = {
				ALWAYS_SEARCH_USER_PATHS = NO;
				CLANG_ANALYZER_NONNULL = YES;
				CLANG_ANALYZER_NUMBER_OBJECT_CONVERSION = YES_AGGRESSIVE;
				CLANG_CXX_LANGUAGE_STANDARD = "gnu++0x";
				CLANG_CXX_LIBRARY = "libc++";
				CLANG_ENABLE_MODULES = YES;
				CLANG_ENABLE_OBJC_ARC = YES;
				CLANG_WARN_BOOL_CONVERSION = YES;
				CLANG_WARN_CONSTANT_CONVERSION = YES;
				CLANG_WARN_DIRECT_OBJC_ISA_USAGE = YES_ERROR;
				CLANG_WARN_DOCUMENTATION_COMMENTS = YES;
				CLANG_WARN_EMPTY_BODY = YES;
				CLANG_WARN_ENUM_CONVERSION = YES;
				CLANG_WARN_INFINITE_RECURSION = YES;
				CLANG_WARN_INT_CONVERSION = YES;
				CLANG_WARN_OBJC_ROOT_CLASS = YES_ERROR;
				CLANG_WARN_SUSPICIOUS_MOVE = YES;
				CLANG_WARN_UNREACHABLE_CODE = YES;
				CLANG_WARN__DUPLICATE_METHOD_MATCH = YES;
				"CODE_SIGN_IDENTITY[sdk=iphoneos*]" = "iPhone Developer";
				COPY_PHASE_STRIP = NO;
				DEBUG_INFORMATION_FORMAT = "dwarf-with-dsym";
				ENABLE_NS_ASSERTIONS = NO;
				ENABLE_STRICT_OBJC_MSGSEND = YES;
				GCC_C_LANGUAGE_STANDARD = gnu99;
				GCC_NO_COMMON_BLOCKS = YES;
				GCC_WARN_64_TO_32_BIT_CONVERSION = YES;
				GCC_WARN_ABOUT_RETURN_TYPE = YES_ERROR;
				GCC_WARN_UNDECLARED_SELECTOR = YES;
				GCC_WARN_UNINITIALIZED_AUTOS = YES_AGGRESSIVE;
				GCC_WARN_UNUSED_FUNCTION = YES;
				GCC_WARN_UNUSED_VARIABLE = YES;
				IPHONEOS_DEPLOYMENT_TARGET = 10.3;
				MTL_ENABLE_DEBUG_INFO = NO;
				SDKROOT = iphoneos;
				SWIFT_OPTIMIZATION_LEVEL = "-Owholemodule";
				TARGETED_DEVICE_FAMILY = "1,2";
				VALIDATE_PRODUCT = YES;
			};
			name = Release;
		};
		BCF736D71F41108900C687E1 /* Debug */ = {
			isa = XCBuildConfiguration;
			buildSettings = {
				ASSETCATALOG_COMPILER_APPICON_NAME = AppIcon;
				DEVELOPMENT_TEAM = 3K37U96487;
				INFOPLIST_FILE = "Emoji Dictionary/Info.plist";
				LD_RUNPATH_SEARCH_PATHS = "$(inherited) @executable_path/Frameworks";
				PRODUCT_BUNDLE_IDENTIFIER = "com.mivkotech.Emoji-Dictionary";
				PRODUCT_NAME = "$(TARGET_NAME)";
				SWIFT_VERSION = 3.0;
			};
			name = Debug;
		};
		BCF736D81F41108900C687E1 /* Release */ = {
			isa = XCBuildConfiguration;
			buildSettings = {
				ASSETCATALOG_COMPILER_APPICON_NAME = AppIcon;
				DEVELOPMENT_TEAM = 3K37U96487;
				INFOPLIST_FILE = "Emoji Dictionary/Info.plist";
				LD_RUNPATH_SEARCH_PATHS = "$(inherited) @executable_path/Frameworks";
				PRODUCT_BUNDLE_IDENTIFIER = "com.mivkotech.Emoji-Dictionary";
				PRODUCT_NAME = "$(TARGET_NAME)";
				SWIFT_VERSION = 3.0;
			};
			name = Release;
		};
/* End XCBuildConfiguration section */

/* Begin XCConfigurationList section */
		BCF736BF1F41108800C687E1 /* Build configuration list for PBXProject "Emoji Dictionary" */ = {
			isa = XCConfigurationList;
			buildConfigurations = (
				BCF736D41F41108900C687E1 /* Debug */,
				BCF736D51F41108900C687E1 /* Release */,
			);
			defaultConfigurationIsVisible = 0;
			defaultConfigurationName = Release;
		};
		BCF736D61F41108900C687E1 /* Build configuration list for PBXNativeTarget "Emoji Dictionary" */ = {
			isa = XCConfigurationList;
			buildConfigurations = (
				BCF736D71F41108900C687E1 /* Debug */,
				BCF736D81F41108900C687E1 /* Release */,
			);
			defaultConfigurationIsVisible = 0;
		};
/* End XCConfigurationList section */
	};
	rootObject = BCF736BC1F41108800C687E1 /* Project object */;
}
